
Microsoft Visual Studio Solution File, Format Version 12.00
# Visual Studio Version 17
VisualStudioVersion = 17.1.32319.34
MinimumVisualStudioVersion = 10.0.40219.1
Project("{9A19103F-16F7-4668-BE54-9A1E7A4F7556}") = "Patterns.Strategy", "Patterns.Strategy\Patterns.Strategy.csproj", "{51B0E998-C0D9-4268-B7FF-290BD0DFC66B}"
EndProject
Project("{9A19103F-16F7-4668-BE54-9A1E7A4F7556}") = "Patterns.Strategy2", "Patterns.Strategy2\Patterns.Strategy2.csproj", "{704A9850-2887-4251-B841-CD3D38BCE60D}"
EndProject
Project("{9A19103F-16F7-4668-BE54-9A1E7A4F7556}") = "Patterns.Factory", "Patterns.Factory\Patterns.Factory.csproj", "{07818006-B88C-4CF9-B3F4-383FE571F9ED}"
EndProject
Project("{9A19103F-16F7-4668-BE54-9A1E7A4F7556}") = "Patterns.Singleton", "Patterns.Singleton\Patterns.Singleton.csproj", "{F8CF439B-FB5E-4191-A4C6-B04C107DBC9A}"
EndProject
Project("{9A19103F-16F7-4668-BE54-9A1E7A4F7556}") = "Patterns.Facade", "Patterns.Facade\Patterns.Facade.csproj", "{03A3D410-F238-4721-BDC5-BE71FC49840E}"
EndProject
Project("{FAE04EC0-301F-11D3-BF4B-00C04F79EFBC}") = "Patterns.Adapter", "Patterns.Adapter\Patterns.Adapter.csproj", "{A7B833C6-D3E5-42AB-9E8F-BD9E16010DCE}"
EndProject
Global
	GlobalSection(SolutionConfigurationPlatforms) = preSolution
		Debug|Any CPU = Debug|Any CPU
		Release|Any CPU = Release|Any CPU
	EndGlobalSection
	GlobalSection(ProjectConfigurationPlatforms) = postSolution
		{51B0E998-C0D9-4268-B7FF-290BD0DFC66B}.Debug|Any CPU.ActiveCfg = Debug|Any CPU
		{51B0E998-C0D9-4268-B7FF-290BD0DFC66B}.Debug|Any CPU.Build.0 = Debug|Any CPU
		{51B0E998-C0D9-4268-B7FF-290BD0DFC66B}.Release|Any CPU.ActiveCfg = Release|Any CPU
		{51B0E998-C0D9-4268-B7FF-290BD0DFC66B}.Release|Any CPU.Build.0 = Release|Any CPU
		{704A9850-2887-4251-B841-CD3D38BCE60D}.Debug|Any CPU.ActiveCfg = Debug|Any CPU
		{704A9850-2887-4251-B841-CD3D38BCE60D}.Debug|Any CPU.Build.0 = Debug|Any CPU
		{704A9850-2887-4251-B841-CD3D38BCE60D}.Release|Any CPU.ActiveCfg = Release|Any CPU
		{704A9850-2887-4251-B841-CD3D38BCE60D}.Release|Any CPU.Build.0 = Release|Any CPU
		{07818006-B88C-4CF9-B3F4-383FE571F9ED}.Debug|Any CPU.ActiveCfg = Debug|Any CPU
		{07818006-B88C-4CF9-B3F4-383FE571F9ED}.Debug|Any CPU.Build.0 = Debug|Any CPU
		{07818006-B88C-4CF9-B3F4-383FE571F9ED}.Release|Any CPU.ActiveCfg = Release|Any CPU
		{07818006-B88C-4CF9-B3F4-383FE571F9ED}.Release|Any CPU.Build.0 = Release|Any CPU
		{F8CF439B-FB5E-4191-A4C6-B04C107DBC9A}.Debug|Any CPU.ActiveCfg = Debug|Any CPU
		{F8CF439B-FB5E-4191-A4C6-B04C107DBC9A}.Debug|Any CPU.Build.0 = Debug|Any CPU
		{F8CF439B-FB5E-4191-A4C6-B04C107DBC9A}.Release|Any CPU.ActiveCfg = Release|Any CPU
		{F8CF439B-FB5E-4191-A4C6-B04C107DBC9A}.Release|Any CPU.Build.0 = Release|Any CPU
		{03A3D410-F238-4721-BDC5-BE71FC49840E}.Debug|Any CPU.ActiveCfg = Debug|Any CPU
		{03A3D410-F238-4721-BDC5-BE71FC49840E}.Debug|Any CPU.Build.0 = Debug|Any CPU
		{03A3D410-F238-4721-BDC5-BE71FC49840E}.Release|Any CPU.ActiveCfg = Release|Any CPU
		{03A3D410-F238-4721-BDC5-BE71FC49840E}.Release|Any CPU.Build.0 = Release|Any CPU
		{A7B833C6-D3E5-42AB-9E8F-BD9E16010DCE}.Debug|Any CPU.ActiveCfg = Debug|Any CPU
		{A7B833C6-D3E5-42AB-9E8F-BD9E16010DCE}.Debug|Any CPU.Build.0 = Debug|Any CPU
		{A7B833C6-D3E5-42AB-9E8F-BD9E16010DCE}.Release|Any CPU.ActiveCfg = Release|Any CPU
		{A7B833C6-D3E5-42AB-9E8F-BD9E16010DCE}.Release|Any CPU.Build.0 = Release|Any CPU
	EndGlobalSection
	GlobalSection(SolutionProperties) = preSolution
		HideSolutionNode = FALSE
	EndGlobalSection
	GlobalSection(ExtensibilityGlobals) = postSolution
		SolutionGuid = {0875604A-3B29-48AE-9C33-25730E5860B5}
	EndGlobalSection
EndGlobal
